<Solution>
  <Project Path="Game.csproj" />
  <Project Path="UniTask.csproj" />
  <Project Path="UniTask.Linq.csproj" />
  <Project Path="DOTween.Modules.csproj" />
  <Project Path="UniTask.Addressables.csproj" />
  <Project Path="AudioButton.csproj" />
  <Project Path="StateManagement.csproj" />
  <Project Path="UniTask.TextMeshPro.csproj" />
  <Project Path="UniTask.DOTween.csproj" />
  <Project Path="UIManagement.csproj" />
  <Project Path="UniTask.Editor.csproj" />
  <Project Path="Editor.csproj" />
</Solution>
